
Microsoft Visual Studio Solution File, Format Version 12.00
# Visual Studio Version 16
VisualStudioVersion = 16.0.29411.108
MinimumVisualStudioVersion = 10.0.40219.1
Project("{FAE04EC0-301F-11D3-BF4B-00C04F79EFBC}") = "RoyalCafe", "RoyalCafe.csproj", "{CC17B483-1E4F-41CC-9EB3-4CB1E0ED4092}"
EndProject
Global
	GlobalSection(SolutionConfigurationPlatforms) = preSolution
		Debug|Any CPU = Debug|Any CPU
		Release|Any CPU = Release|Any CPU
	EndGlobalSection
	GlobalSection(ProjectConfigurationPlatforms) = postSolution
		{CC17B483-1E4F-41CC-9EB3-4CB1E0ED4092}.Debug|Any CPU.ActiveCfg = Debug|Any CPU
		{CC17B483-1E4F-41CC-9EB3-4CB1E0ED4092}.Debug|Any CPU.Build.0 = Debug|Any CPU
		{CC17B483-1E4F-41CC-9EB3-4CB1E0ED4092}.Release|Any CPU.ActiveCfg = Release|Any CPU
		{CC17B483-1E4F-41CC-9EB3-4CB1E0ED4092}.Release|Any CPU.Build.0 = Release|Any CPU
	EndGlobalSection
	GlobalSection(SolutionProperties) = preSolution
		HideSolutionNode = FALSE
	EndGlobalSection
	GlobalSection(ExtensibilityGlobals) = postSolution
		SolutionGuid = {78531ABC-116E-44E2-B2B4-32E5D696E85B}
	EndGlobalSection
EndGlobal
